
Microsoft Visual Studio Solution File, Format Version 12.00
Project("{FAE04EC0-301F-11D3-BF4B-00C04F79EFBC}") = "DomainExtensions", "DomainExtensions\DomainExtensions.csproj", "{64B9A6C5-A28E-49B4-ABC4-3B72D38AFFDF}"
EndProject
Global
	GlobalSection(SolutionConfigurationPlatforms) = preSolution
		Debug|Any CPU = Debug|Any CPU
		Release|Any CPU = Release|Any CPU
	EndGlobalSection
	GlobalSection(ProjectConfigurationPlatforms) = postSolution
		{64B9A6C5-A28E-49B4-ABC4-3B72D38AFFDF}.Debug|Any CPU.ActiveCfg = Debug|Any CPU
		{64B9A6C5-A28E-49B4-ABC4-3B72D38AFFDF}.Debug|Any CPU.Build.0 = Debug|Any CPU
		{64B9A6C5-A28E-49B4-ABC4-3B72D38AFFDF}.Release|Any CPU.ActiveCfg = Release|Any CPU
		{64B9A6C5-A28E-49B4-ABC4-3B72D38AFFDF}.Release|Any CPU.Build.0 = Release|Any CPU
	EndGlobalSection
EndGlobal
